
Microsoft Visual Studio Solution File, Format Version 12.00
# Visual Studio Version 16
VisualStudioVersion = 16.0.31613.86
MinimumVisualStudioVersion = 10.0.40219.1
Project("{FAE04EC0-301F-11D3-BF4B-00C04F79EFBC}") = "TernaryOperatorChallenge", "TernaryOperatorChallenge\TernaryOperatorChallenge.csproj", "{1B59E8A5-7F11-4547-964F-448472DA555A}"
EndProject
Global
	GlobalSection(SolutionConfigurationPlatforms) = preSolution
		Debug|Any CPU = Debug|Any CPU
		Release|Any CPU = Release|Any CPU
	EndGlobalSection
	GlobalSection(ProjectConfigurationPlatforms) = postSolution
		{1B59E8A5-7F11-4547-964F-448472DA555A}.Debug|Any CPU.ActiveCfg = Debug|Any CPU
		{1B59E8A5-7F11-4547-964F-448472DA555A}.Debug|Any CPU.Build.0 = Debug|Any CPU
		{1B59E8A5-7F11-4547-964F-448472DA555A}.Release|Any CPU.ActiveCfg = Release|Any CPU
		{1B59E8A5-7F11-4547-964F-448472DA555A}.Release|Any CPU.Build.0 = Release|Any CPU
	EndGlobalSection
	GlobalSection(SolutionProperties) = preSolution
		HideSolutionNode = FALSE
	EndGlobalSection
	GlobalSection(ExtensibilityGlobals) = postSolution
		SolutionGuid = {EA8DD061-9D0C-449E-8FD0-286B19F291F0}
	EndGlobalSection
EndGlobal
