
Microsoft Visual Studio Solution File, Format Version 12.00
# Visual Studio Version 16
VisualStudioVersion = 16.0.31613.86
MinimumVisualStudioVersion = 10.0.40219.1
Project("{FAE04EC0-301F-11D3-BF4B-00C04F79EFBC}") = "NestedIf", "NestedIf\NestedIf.csproj", "{D77DD7CF-B1B4-4F59-A986-9B03D309BEBA}"
EndProject
Global
	GlobalSection(SolutionConfigurationPlatforms) = preSolution
		Debug|Any CPU = Debug|Any CPU
		Release|Any CPU = Release|Any CPU
	EndGlobalSection
	GlobalSection(ProjectConfigurationPlatforms) = postSolution
		{D77DD7CF-B1B4-4F59-A986-9B03D309BEBA}.Debug|Any CPU.ActiveCfg = Debug|Any CPU
		{D77DD7CF-B1B4-4F59-A986-9B03D309BEBA}.Debug|Any CPU.Build.0 = Debug|Any CPU
		{D77DD7CF-B1B4-4F59-A986-9B03D309BEBA}.Release|Any CPU.ActiveCfg = Release|Any CPU
		{D77DD7CF-B1B4-4F59-A986-9B03D309BEBA}.Release|Any CPU.Build.0 = Release|Any CPU
	EndGlobalSection
	GlobalSection(SolutionProperties) = preSolution
		HideSolutionNode = FALSE
	EndGlobalSection
	GlobalSection(ExtensibilityGlobals) = postSolution
		SolutionGuid = {466E4D8A-B8B4-40E7-BB4E-CE7F553640C3}
	EndGlobalSection
EndGlobal
