
Microsoft Visual Studio Solution File, Format Version 12.00
# Visual Studio Version 16
VisualStudioVersion = 16.0.31613.86
MinimumVisualStudioVersion = 10.0.40219.1
Project("{FAE04EC0-301F-11D3-BF4B-00C04F79EFBC}") = "EnhancedIfStatements", "EnhancedIfStatements\EnhancedIfStatements.csproj", "{93EDD2A3-5913-4305-B4F3-F753D5B03225}"
EndProject
Global
	GlobalSection(SolutionConfigurationPlatforms) = preSolution
		Debug|Any CPU = Debug|Any CPU
		Release|Any CPU = Release|Any CPU
	EndGlobalSection
	GlobalSection(ProjectConfigurationPlatforms) = postSolution
		{93EDD2A3-5913-4305-B4F3-F753D5B03225}.Debug|Any CPU.ActiveCfg = Debug|Any CPU
		{93EDD2A3-5913-4305-B4F3-F753D5B03225}.Debug|Any CPU.Build.0 = Debug|Any CPU
		{93EDD2A3-5913-4305-B4F3-F753D5B03225}.Release|Any CPU.ActiveCfg = Release|Any CPU
		{93EDD2A3-5913-4305-B4F3-F753D5B03225}.Release|Any CPU.Build.0 = Release|Any CPU
	EndGlobalSection
	GlobalSection(SolutionProperties) = preSolution
		HideSolutionNode = FALSE
	EndGlobalSection
	GlobalSection(ExtensibilityGlobals) = postSolution
		SolutionGuid = {ED092B1F-6F49-4EF2-96B2-0CAD949BC928}
	EndGlobalSection
EndGlobal
