
Microsoft Visual Studio Solution File, Format Version 12.00
# Visual Studio Version 16
VisualStudioVersion = 16.0.31613.86
MinimumVisualStudioVersion = 10.0.40219.1
Project("{FAE04EC0-301F-11D3-BF4B-00C04F79EFBC}") = "methodsWithReturns", "methodsWithReturns\methodsWithReturns.csproj", "{1928619E-65DA-4ACB-B8C9-99B69C9A5AD0}"
EndProject
Global
	GlobalSection(SolutionConfigurationPlatforms) = preSolution
		Debug|Any CPU = Debug|Any CPU
		Release|Any CPU = Release|Any CPU
	EndGlobalSection
	GlobalSection(ProjectConfigurationPlatforms) = postSolution
		{1928619E-65DA-4ACB-B8C9-99B69C9A5AD0}.Debug|Any CPU.ActiveCfg = Debug|Any CPU
		{1928619E-65DA-4ACB-B8C9-99B69C9A5AD0}.Debug|Any CPU.Build.0 = Debug|Any CPU
		{1928619E-65DA-4ACB-B8C9-99B69C9A5AD0}.Release|Any CPU.ActiveCfg = Release|Any CPU
		{1928619E-65DA-4ACB-B8C9-99B69C9A5AD0}.Release|Any CPU.Build.0 = Release|Any CPU
	EndGlobalSection
	GlobalSection(SolutionProperties) = preSolution
		HideSolutionNode = FALSE
	EndGlobalSection
	GlobalSection(ExtensibilityGlobals) = postSolution
		SolutionGuid = {112A8958-99EB-4793-8014-93C3995A9F0D}
	EndGlobalSection
EndGlobal
