
Microsoft Visual Studio Solution File, Format Version 12.00
# Visual Studio Version 16
VisualStudioVersion = 16.0.31613.86
MinimumVisualStudioVersion = 10.0.40219.1
Project("{FAE04EC0-301F-11D3-BF4B-00C04F79EFBC}") = "IfChallenge", "IfChallenge\IfChallenge.csproj", "{B2B1E842-A78D-4BEB-9903-DD81D56079F8}"
EndProject
Global
	GlobalSection(SolutionConfigurationPlatforms) = preSolution
		Debug|Any CPU = Debug|Any CPU
		Release|Any CPU = Release|Any CPU
	EndGlobalSection
	GlobalSection(ProjectConfigurationPlatforms) = postSolution
		{B2B1E842-A78D-4BEB-9903-DD81D56079F8}.Debug|Any CPU.ActiveCfg = Debug|Any CPU
		{B2B1E842-A78D-4BEB-9903-DD81D56079F8}.Debug|Any CPU.Build.0 = Debug|Any CPU
		{B2B1E842-A78D-4BEB-9903-DD81D56079F8}.Release|Any CPU.ActiveCfg = Release|Any CPU
		{B2B1E842-A78D-4BEB-9903-DD81D56079F8}.Release|Any CPU.Build.0 = Release|Any CPU
	EndGlobalSection
	GlobalSection(SolutionProperties) = preSolution
		HideSolutionNode = FALSE
	EndGlobalSection
	GlobalSection(ExtensibilityGlobals) = postSolution
		SolutionGuid = {1C52D0CF-29E4-41E5-ABF9-01AE92253F24}
	EndGlobalSection
EndGlobal
