
Microsoft Visual Studio Solution File, Format Version 12.00
# Visual Studio Version 16
VisualStudioVersion = 16.0.31613.86
MinimumVisualStudioVersion = 10.0.40219.1
Project("{FAE04EC0-301F-11D3-BF4B-00C04F79EFBC}") = "StringChallenge", "StringChallenge\StringChallenge.csproj", "{BEC0B2BD-90B0-45C1-8C4C-8092A53768B6}"
EndProject
Global
	GlobalSection(SolutionConfigurationPlatforms) = preSolution
		Debug|Any CPU = Debug|Any CPU
		Release|Any CPU = Release|Any CPU
	EndGlobalSection
	GlobalSection(ProjectConfigurationPlatforms) = postSolution
		{BEC0B2BD-90B0-45C1-8C4C-8092A53768B6}.Debug|Any CPU.ActiveCfg = Debug|Any CPU
		{BEC0B2BD-90B0-45C1-8C4C-8092A53768B6}.Debug|Any CPU.Build.0 = Debug|Any CPU
		{BEC0B2BD-90B0-45C1-8C4C-8092A53768B6}.Release|Any CPU.ActiveCfg = Release|Any CPU
		{BEC0B2BD-90B0-45C1-8C4C-8092A53768B6}.Release|Any CPU.Build.0 = Release|Any CPU
	EndGlobalSection
	GlobalSection(SolutionProperties) = preSolution
		HideSolutionNode = FALSE
	EndGlobalSection
	GlobalSection(ExtensibilityGlobals) = postSolution
		SolutionGuid = {E8BDC4D2-16A8-4F23-9BD6-B077BD950401}
	EndGlobalSection
EndGlobal
